
Microsoft Visual Studio Solution File, Format Version 12.00
# Visual Studio 15
VisualStudioVersion = 15.0.28010.2036
MinimumVisualStudioVersion = 10.0.40219.1
Project("{FAE04EC0-301F-11D3-BF4B-00C04F79EFBC}") = "News.Web", "News.Web\News.Web.csproj", "{4BC804F1-6BE1-4A07-88A6-1083C7E841DC}"
EndProject
Project("{FAE04EC0-301F-11D3-BF4B-00C04F79EFBC}") = "News.Services", "News.Services\News.Services.csproj", "{0C952751-18C8-4D41-A003-D031D5DA0210}"
EndProject
Project("{FAE04EC0-301F-11D3-BF4B-00C04F79EFBC}") = "News.Data", "News.Data\News.Data.csproj", "{BA701EF8-7B46-4AB1-91C8-5212E9F51892}"
EndProject
Project("{FAE04EC0-301F-11D3-BF4B-00C04F79EFBC}") = "News.Common", "News.Common\News.Common.csproj", "{C2AD6751-B237-4EE9-91D0-52B5A2E75EFE}"
EndProject
Project("{FAE04EC0-301F-11D3-BF4B-00C04F79EFBC}") = "News.Tests", "News.Tests\News.Tests.csproj", "{A9BEA1A2-B1B2-43DD-8D90-EE9C63BD12BF}"
EndProject
Global
	GlobalSection(SolutionConfigurationPlatforms) = preSolution
		Debug|Any CPU = Debug|Any CPU
		Release|Any CPU = Release|Any CPU
	EndGlobalSection
	GlobalSection(ProjectConfigurationPlatforms) = postSolution
		{4BC804F1-6BE1-4A07-88A6-1083C7E841DC}.Debug|Any CPU.ActiveCfg = Debug|Any CPU
		{4BC804F1-6BE1-4A07-88A6-1083C7E841DC}.Debug|Any CPU.Build.0 = Debug|Any CPU
		{4BC804F1-6BE1-4A07-88A6-1083C7E841DC}.Release|Any CPU.ActiveCfg = Release|Any CPU
		{4BC804F1-6BE1-4A07-88A6-1083C7E841DC}.Release|Any CPU.Build.0 = Release|Any CPU
		{0C952751-18C8-4D41-A003-D031D5DA0210}.Debug|Any CPU.ActiveCfg = Debug|Any CPU
		{0C952751-18C8-4D41-A003-D031D5DA0210}.Debug|Any CPU.Build.0 = Debug|Any CPU
		{0C952751-18C8-4D41-A003-D031D5DA0210}.Release|Any CPU.ActiveCfg = Release|Any CPU
		{0C952751-18C8-4D41-A003-D031D5DA0210}.Release|Any CPU.Build.0 = Release|Any CPU
		{BA701EF8-7B46-4AB1-91C8-5212E9F51892}.Debug|Any CPU.ActiveCfg = Debug|Any CPU
		{BA701EF8-7B46-4AB1-91C8-5212E9F51892}.Debug|Any CPU.Build.0 = Debug|Any CPU
		{BA701EF8-7B46-4AB1-91C8-5212E9F51892}.Release|Any CPU.ActiveCfg = Release|Any CPU
		{BA701EF8-7B46-4AB1-91C8-5212E9F51892}.Release|Any CPU.Build.0 = Release|Any CPU
		{C2AD6751-B237-4EE9-91D0-52B5A2E75EFE}.Debug|Any CPU.ActiveCfg = Debug|Any CPU
		{C2AD6751-B237-4EE9-91D0-52B5A2E75EFE}.Debug|Any CPU.Build.0 = Debug|Any CPU
		{C2AD6751-B237-4EE9-91D0-52B5A2E75EFE}.Release|Any CPU.ActiveCfg = Release|Any CPU
		{C2AD6751-B237-4EE9-91D0-52B5A2E75EFE}.Release|Any CPU.Build.0 = Release|Any CPU
		{A9BEA1A2-B1B2-43DD-8D90-EE9C63BD12BF}.Debug|Any CPU.ActiveCfg = Debug|Any CPU
		{A9BEA1A2-B1B2-43DD-8D90-EE9C63BD12BF}.Debug|Any CPU.Build.0 = Debug|Any CPU
		{A9BEA1A2-B1B2-43DD-8D90-EE9C63BD12BF}.Release|Any CPU.ActiveCfg = Release|Any CPU
		{A9BEA1A2-B1B2-43DD-8D90-EE9C63BD12BF}.Release|Any CPU.Build.0 = Release|Any CPU
	EndGlobalSection
	GlobalSection(SolutionProperties) = preSolution
		HideSolutionNode = FALSE
	EndGlobalSection
	GlobalSection(ExtensibilityGlobals) = postSolution
		SolutionGuid = {92C7A2DE-EE49-429B-8258-92C098443113}
	EndGlobalSection
EndGlobal
